
Microsoft Visual Studio Solution File, Format Version 12.00
# Visual Studio Version 16
VisualStudioVersion = 16.0.31424.327
MinimumVisualStudioVersion = 10.0.40219.1
Project("{FAE04EC0-301F-11D3-BF4B-00C04F79EFBC}") = "AccountingERP", "AccountingERP\AccountingERP.csproj", "{1BA197B9-DD8D-4A73-81D4-E8F4893C6DCD}"
EndProject
Global
	GlobalSection(SolutionConfigurationPlatforms) = preSolution
		Debug|Any CPU = Debug|Any CPU
		Release|Any CPU = Release|Any CPU
	EndGlobalSection
	GlobalSection(ProjectConfigurationPlatforms) = postSolution
		{1BA197B9-DD8D-4A73-81D4-E8F4893C6DCD}.Debug|Any CPU.ActiveCfg = Debug|Any CPU
		{1BA197B9-DD8D-4A73-81D4-E8F4893C6DCD}.Debug|Any CPU.Build.0 = Debug|Any CPU
		{1BA197B9-DD8D-4A73-81D4-E8F4893C6DCD}.Release|Any CPU.ActiveCfg = Release|Any CPU
		{1BA197B9-DD8D-4A73-81D4-E8F4893C6DCD}.Release|Any CPU.Build.0 = Release|Any CPU
	EndGlobalSection
	GlobalSection(SolutionProperties) = preSolution
		HideSolutionNode = FALSE
	EndGlobalSection
	GlobalSection(ExtensibilityGlobals) = postSolution
		SolutionGuid = {DB7957E9-AF2E-4E14-8DC3-96B8B8BDB8F8}
	EndGlobalSection
EndGlobal
